
Microsoft Visual Studio Solution File, Format Version 12.00
# Visual Studio Version 17
VisualStudioVersion = 17.9.34723.18
MinimumVisualStudioVersion = 10.0.40219.1
Project("{9A19103F-16F7-4668-BE54-9A1E7A4F7556}") = "IT.Tangdao.Framework", "IT.Tangdao.Framework\IT.Tangdao.Framework.csproj", "{3A683799-F296-4C7E-BAF8-838540082591}"
EndProject
Global
	GlobalSection(SolutionConfigurationPlatforms) = preSolution
		Debug|Any CPU = Debug|Any CPU
		Debug|ARM64 = Debug|ARM64
		Debug|x64 = Debug|x64
		Release|Any CPU = Release|Any CPU
		Release|ARM64 = Release|ARM64
		Release|x64 = Release|x64
	EndGlobalSection
	GlobalSection(ProjectConfigurationPlatforms) = postSolution
		{3A683799-F296-4C7E-BAF8-838540082591}.Debug|Any CPU.ActiveCfg = Debug|Any CPU
		{3A683799-F296-4C7E-BAF8-838540082591}.Debug|Any CPU.Build.0 = Debug|Any CPU
		{3A683799-F296-4C7E-BAF8-838540082591}.Debug|ARM64.ActiveCfg = Debug|ARM64
		{3A683799-F296-4C7E-BAF8-838540082591}.Debug|ARM64.Build.0 = Debug|ARM64
		{3A683799-F296-4C7E-BAF8-838540082591}.Debug|x64.ActiveCfg = Debug|x64
		{3A683799-F296-4C7E-BAF8-838540082591}.Debug|x64.Build.0 = Debug|x64
		{3A683799-F296-4C7E-BAF8-838540082591}.Release|Any CPU.ActiveCfg = Release|Any CPU
		{3A683799-F296-4C7E-BAF8-838540082591}.Release|Any CPU.Build.0 = Release|Any CPU
		{3A683799-F296-4C7E-BAF8-838540082591}.Release|ARM64.ActiveCfg = Release|ARM64
		{3A683799-F296-4C7E-BAF8-838540082591}.Release|ARM64.Build.0 = Release|ARM64
		{3A683799-F296-4C7E-BAF8-838540082591}.Release|x64.ActiveCfg = Release|x64
		{3A683799-F296-4C7E-BAF8-838540082591}.Release|x64.Build.0 = Release|x64
	EndGlobalSection
	GlobalSection(SolutionProperties) = preSolution
		HideSolutionNode = FALSE
	EndGlobalSection
	GlobalSection(ExtensibilityGlobals) = postSolution
		SolutionGuid = {9630A6D3-5EC3-4704-951F-302128B0D785}
	EndGlobalSection
EndGlobal
